// !$*UTF8*$!
{
	archiveVersion = 1;
	classes = {
	};
	objectVersion = 51;
	objects = {

/* Begin PBXBuildFile section */
		2DA4D6541F928A1CD09D6A4F /* Pods_BooksPoint.framework in Frameworks */ = {isa = PBXBuildFile; fileRef = A5478BC13973B253BB614AFB /* Pods_BooksPoint.framework */; };
		8D7CD0B726909EEA00D586FF /* DetailVC.swift in Sources */ = {isa = PBXBuildFile; fileRef = 8D7CD0B626909EEA00D586FF /* DetailVC.swift */; };
		8D8338042684145800545C50 /* AppDelegate.swift in Sources */ = {isa = PBXBuildFile; fileRef = 8D8338032684145800545C50 /* AppDelegate.swift */; };
		8D8338062684145800545C50 /* SceneDelegate.swift in Sources */ = {isa = PBXBuildFile; fileRef = 8D8338052684145800545C50 /* SceneDelegate.swift */; };
		8D8338082684145800545C50 /* MainVC.swift in Sources */ = {isa = PBXBuildFile; fileRef = 8D8338072684145800545C50 /* MainVC.swift */; };
		8D83380B2684145800545C50 /* Main.storyboard in Resources */ = {isa = PBXBuildFile; fileRef = 8D8338092684145800545C50 /* Main.storyboard */; };
		8D83380D2684145B00545C50 /* Assets.xcassets in Resources */ = {isa = PBXBuildFile; fileRef = 8D83380C2684145B00545C50 /* Assets.xcassets */; };
		8D8338102684145B00545C50 /* LaunchScreen.storyboard in Resources */ = {isa = PBXBuildFile; fileRef = 8D83380E2684145B00545C50 /* LaunchScreen.storyboard */; };
		8D9339602684CCE200F08008 /* BookCell.swift in Sources */ = {isa = PBXBuildFile; fileRef = 8D93395F2684CCE200F08008 /* BookCell.swift */; };
		8D9339662684FC8300F08008 /* Model.swift in Sources */ = {isa = PBXBuildFile; fileRef = 8D9339652684FC8300F08008 /* Model.swift */; };
		8DA3DF0E26AC4BDB009ACB14 /* BookDetailViewModel.swift in Sources */ = {isa = PBXBuildFile; fileRef = 8DA3DF0D26AC4BDB009ACB14 /* BookDetailViewModel.swift */; };
		8DA9818526A8C2E5007F749C /* BookViewModel.swift in Sources */ = {isa = PBXBuildFile; fileRef = 8DA9818426A8C2E5007F749C /* BookViewModel.swift */; };
		8DA9818726A8C30D007F749C /* APIService.swift in Sources */ = {isa = PBXBuildFile; fileRef = 8DA9818626A8C30D007F749C /* APIService.swift */; };
		8DA9818A26A8C853007F749C /* BookTableExtension.swift in Sources */ = {isa = PBXBuildFile; fileRef = 8DA9818926A8C853007F749C /* BookTableExtension.swift */; };
/* End PBXBuildFile section */

/* Begin PBXFileReference section */
		5FC351DCC77CEB846FACAE6B /* Pods-BooksPoint.release.xcconfig */ = {isa = PBXFileReference; includeInIndex = 1; lastKnownFileType = text.xcconfig; name = "Pods-BooksPoint.release.xcconfig"; path = "Target Support Files/Pods-BooksPoint/Pods-BooksPoint.release.xcconfig"; sourceTree = "<group>"; };
		8D7CD0B626909EEA00D586FF /* DetailVC.swift */ = {isa = PBXFileReference; lastKnownFileType = sourcecode.swift; path = DetailVC.swift; sourceTree = "<group>"; };
		8D8338002684145800545C50 /* BooksPoint.app */ = {isa = PBXFileReference; explicitFileType = wrapper.application; includeInIndex = 0; path = BooksPoint.app; sourceTree = BUILT_PRODUCTS_DIR; };
		8D8338032684145800545C50 /* AppDelegate.swift */ = {isa = PBXFileReference; lastKnownFileType = sourcecode.swift; path = AppDelegate.swift; sourceTree = "<group>"; };
		8D8338052684145800545C50 /* SceneDelegate.swift */ = {isa = PBXFileReference; lastKnownFileType = sourcecode.swift; path = SceneDelegate.swift; sourceTree = "<group>"; };
		8D8338072684145800545C50 /* MainVC.swift */ = {isa = PBXFileReference; lastKnownFileType = sourcecode.swift; path = MainVC.swift; sourceTree = "<group>"; };
		8D83380A2684145800545C50 /* Base */ = {isa = PBXFileReference; lastKnownFileType = file.storyboard; name = Base; path = Base.lproj/Main.storyboard; sourceTree = "<group>"; };
		8D83380C2684145B00545C50 /* Assets.xcassets */ = {isa = PBXFileReference; lastKnownFileType = folder.assetcatalog; path = Assets.xcassets; sourceTree = "<group>"; };
		8D83380F2684145B00545C50 /* Base */ = {isa = PBXFileReference; lastKnownFileType = file.storyboard; name = Base; path = Base.lproj/LaunchScreen.storyboard; sourceTree = "<group>"; };
		8D8338112684145B00545C50 /* Info.plist */ = {isa = PBXFileReference; lastKnownFileType = text.plist.xml; path = Info.plist; sourceTree = "<group>"; };
		8D93395F2684CCE200F08008 /* BookCell.swift */ = {isa = PBXFileReference; lastKnownFileType = sourcecode.swift; path = BookCell.swift; sourceTree = "<group>"; };
		8D9339652684FC8300F08008 /* Model.swift */ = {isa = PBXFileReference; lastKnownFileType = sourcecode.swift; path = Model.swift; sourceTree = "<group>"; };
		8DA3DF0D26AC4BDB009ACB14 /* BookDetailViewModel.swift */ = {isa = PBXFileReference; lastKnownFileType = sourcecode.swift; path = BookDetailViewModel.swift; sourceTree = "<group>"; };
		8DA9818426A8C2E5007F749C /* BookViewModel.swift */ = {isa = PBXFileReference; lastKnownFileType = sourcecode.swift; path = BookViewModel.swift; sourceTree = "<group>"; };
		8DA9818626A8C30D007F749C /* APIService.swift */ = {isa = PBXFileReference; lastKnownFileType = sourcecode.swift; path = APIService.swift; sourceTree = "<group>"; };
		8DA9818926A8C853007F749C /* BookTableExtension.swift */ = {isa = PBXFileReference; lastKnownFileType = sourcecode.swift; path = BookTableExtension.swift; sourceTree = "<group>"; };
		A5478BC13973B253BB614AFB /* Pods_BooksPoint.framework */ = {isa = PBXFileReference; explicitFileType = wrapper.framework; includeInIndex = 0; path = Pods_BooksPoint.framework; sourceTree = BUILT_PRODUCTS_DIR; };
		A86EEFD07BFB3988F699121A /* Pods-BooksPoint.debug.xcconfig */ = {isa = PBXFileReference; includeInIndex = 1; lastKnownFileType = text.xcconfig; name = "Pods-BooksPoint.debug.xcconfig"; path = "Target Support Files/Pods-BooksPoint/Pods-BooksPoint.debug.xcconfig"; sourceTree = "<group>"; };
/* End PBXFileReference section */

/* Begin PBXFrameworksBuildPhase section */
		8D8337FD2684145800545C50 /* Frameworks */ = {
			isa = PBXFrameworksBuildPhase;
			buildActionMask = 2147483647;
			files = (
				2DA4D6541F928A1CD09D6A4F /* Pods_BooksPoint.framework in Frameworks */,
			);
			runOnlyForDeploymentPostprocessing = 0;
		};
/* End PBXFrameworksBuildPhase section */

/* Begin PBXGroup section */
		18A09A1C1034668B2E3A1F1B /* Pods */ = {
			isa = PBXGroup;
			children = (
				A86EEFD07BFB3988F699121A /* Pods-BooksPoint.debug.xcconfig */,
				5FC351DCC77CEB846FACAE6B /* Pods-BooksPoint.release.xcconfig */,
			);
			path = Pods;
			sourceTree = "<group>";
		};
		8D1B7CFD9A0FA6BDE32EFA59 /* Frameworks */ = {
			isa = PBXGroup;
			children = (
				A5478BC13973B253BB614AFB /* Pods_BooksPoint.framework */,
			);
			name = Frameworks;
			sourceTree = "<group>";
		};
		8D8337F72684145800545C50 = {
			isa = PBXGroup;
			children = (
				8D8338022684145800545C50 /* BooksPoint */,
				8D8338012684145800545C50 /* Products */,
				18A09A1C1034668B2E3A1F1B /* Pods */,
				8D1B7CFD9A0FA6BDE32EFA59 /* Frameworks */,
			);
			sourceTree = "<group>";
		};
		8D8338012684145800545C50 /* Products */ = {
			isa = PBXGroup;
			children = (
				8D8338002684145800545C50 /* BooksPoint.app */,
			);
			name = Products;
			sourceTree = "<group>";
		};
		8D8338022684145800545C50 /* BooksPoint */ = {
			isa = PBXGroup;
			children = (
				8D9339622684D2A500F08008 /* Data Model */,
				8DA3DF0A26AA00FE009ACB14 /* View */,
				8D9339612684D28C00F08008 /* ViewControllers */,
				8DA9818326A8C2C1007F749C /* View Model */,
				8DA9818826A8C312007F749C /* API Service */,
				8D8338032684145800545C50 /* AppDelegate.swift */,
				8D8338052684145800545C50 /* SceneDelegate.swift */,
				8D83380C2684145B00545C50 /* Assets.xcassets */,
				8D83380E2684145B00545C50 /* LaunchScreen.storyboard */,
				8D8338112684145B00545C50 /* Info.plist */,
			);
			path = BooksPoint;
			sourceTree = "<group>";
		};
		8D9339612684D28C00F08008 /* ViewControllers */ = {
			isa = PBXGroup;
			children = (
				8D8338072684145800545C50 /* MainVC.swift */,
				8DA9818926A8C853007F749C /* BookTableExtension.swift */,
				8D7CD0B626909EEA00D586FF /* DetailVC.swift */,
			);
			path = ViewControllers;
			sourceTree = "<group>";
		};
		8D9339622684D2A500F08008 /* Data Model */ = {
			isa = PBXGroup;
			children = (
				8D9339652684FC8300F08008 /* Model.swift */,
			);
			path = "Data Model";
			sourceTree = "<group>";
		};
		8DA3DF0A26AA00FE009ACB14 /* View */ = {
			isa = PBXGroup;
			children = (
				8D8338092684145800545C50 /* Main.storyboard */,
				8D93395F2684CCE200F08008 /* BookCell.swift */,
			);
			path = View;
			sourceTree = "<group>";
		};
		8DA9818326A8C2C1007F749C /* View Model */ = {
			isa = PBXGroup;
			children = (
				8DA9818426A8C2E5007F749C /* BookViewModel.swift */,
				8DA3DF0D26AC4BDB009ACB14 /* BookDetailViewModel.swift */,
			);
			path = "View Model";
			sourceTree = "<group>";
		};
		8DA9818826A8C312007F749C /* API Service */ = {
			isa = PBXGroup;
			children = (
				8DA9818626A8C30D007F749C /* APIService.swift */,
			);
			path = "API Service";
			sourceTree = "<group>";
		};
/* End PBXGroup section */

/* Begin PBXNativeTarget section */
		8D8337FF2684145800545C50 /* BooksPoint */ = {
			isa = PBXNativeTarget;
			buildConfigurationList = 8D8338142684145B00545C50 /* Build configuration list for PBXNativeTarget "BooksPoint" */;
			buildPhases = (
				6905049CECB430C0BC362644 /* [CP] Check Pods Manifest.lock */,
				8D8337FC2684145800545C50 /* Sources */,
				8D8337FD2684145800545C50 /* Frameworks */,
				8D8337FE2684145800545C50 /* Resources */,
				72DE9768CA9072278528A375 /* [CP] Embed Pods Frameworks */,
			);
			buildRules = (
			);
			dependencies = (
			);
			name = BooksPoint;
			productName = BooksPoint;
			productReference = 8D8338002684145800545C50 /* BooksPoint.app */;
			productType = "com.apple.product-type.application";
		};
/* End PBXNativeTarget section */

/* Begin PBXProject section */
		8D8337F82684145800545C50 /* Project object */ = {
			isa = PBXProject;
			attributes = {
				LastSwiftUpdateCheck = 1250;
				LastUpgradeCheck = 1250;
				TargetAttributes = {
					8D8337FF2684145800545C50 = {
						CreatedOnToolsVersion = 12.5.1;
					};
				};
			};
			buildConfigurationList = 8D8337FB2684145800545C50 /* Build configuration list for PBXProject "BooksPoint" */;
			compatibilityVersion = "Xcode 9.3";
			developmentRegion = en;
			hasScannedForEncodings = 0;
			knownRegions = (
				en,
				Base,
			);
			mainGroup = 8D8337F72684145800545C50;
			productRefGroup = 8D8338012684145800545C50 /* Products */;
			projectDirPath = "";
			projectRoot = "";
			targets = (
				8D8337FF2684145800545C50 /* BooksPoint */,
			);
		};
/* End PBXProject section */

/* Begin PBXResourcesBuildPhase section */
		8D8337FE2684145800545C50 /* Resources */ = {
			isa = PBXResourcesBuildPhase;
			buildActionMask = 2147483647;
			files = (
				8D8338102684145B00545C50 /* LaunchScreen.storyboard in Resources */,
				8D83380D2684145B00545C50 /* Assets.xcassets in Resources */,
				8D83380B2684145800545C50 /* Main.storyboard in Resources */,
			);
			runOnlyForDeploymentPostprocessing = 0;
		};
/* End PBXResourcesBuildPhase section */

/* Begin PBXShellScriptBuildPhase section */
		6905049CECB430C0BC362644 /* [CP] Check Pods Manifest.lock */ = {
			isa = PBXShellScriptBuildPhase;
			buildActionMask = 2147483647;
			files = (
			);
			inputFileListPaths = (
			);
			inputPaths = (
				"${PODS_PODFILE_DIR_PATH}/Podfile.lock",
				"${PODS_ROOT}/Manifest.lock",
			);
			name = "[CP] Check Pods Manifest.lock";
			outputFileListPaths = (
			);
			outputPaths = (
				"$(DERIVED_FILE_DIR)/Pods-BooksPoint-checkManifestLockResult.txt",
			);
			runOnlyForDeploymentPostprocessing = 0;
			shellPath = /bin/sh;
			shellScript = "diff \"${PODS_PODFILE_DIR_PATH}/Podfile.lock\" \"${PODS_ROOT}/Manifest.lock\" > /dev/null\nif [ $? != 0 ] ; then\n    # print error to STDERR\n    echo \"error: The sandbox is not in sync with the Podfile.lock. Run 'pod install' or update your CocoaPods installation.\" >&2\n    exit 1\nfi\n# This output is used by Xcode 'outputs' to avoid re-running this script phase.\necho \"SUCCESS\" > \"${SCRIPT_OUTPUT_FILE_0}\"\n";
			showEnvVarsInLog = 0;
		};
		72DE9768CA9072278528A375 /* [CP] Embed Pods Frameworks */ = {
			isa = PBXShellScriptBuildPhase;
			buildActionMask = 2147483647;
			files = (
			);
			inputFileListPaths = (
				"${PODS_ROOT}/Target Support Files/Pods-BooksPoint/Pods-BooksPoint-frameworks-${CONFIGURATION}-input-files.xcfilelist",
			);
			name = "[CP] Embed Pods Frameworks";
			outputFileListPaths = (
				"${PODS_ROOT}/Target Support Files/Pods-BooksPoint/Pods-BooksPoint-frameworks-${CONFIGURATION}-output-files.xcfilelist",
			);
			runOnlyForDeploymentPostprocessing = 0;
			shellPath = /bin/sh;
			shellScript = "\"${PODS_ROOT}/Target Support Files/Pods-BooksPoint/Pods-BooksPoint-frameworks.sh\"\n";
			showEnvVarsInLog = 0;
		};
/* End PBXShellScriptBuildPhase section */

/* Begin PBXSourcesBuildPhase section */
		8D8337FC2684145800545C50 /* Sources */ = {
			isa = PBXSourcesBuildPhase;
			buildActionMask = 2147483647;
			files = (
				8DA9818A26A8C853007F749C /* BookTableExtension.swift in Sources */,
				8D9339662684FC8300F08008 /* Model.swift in Sources */,
				8DA9818526A8C2E5007F749C /* BookViewModel.swift in Sources */,
				8D9339602684CCE200F08008 /* BookCell.swift in Sources */,
				8D8338082684145800545C50 /* MainVC.swift in Sources */,
				8D7CD0B726909EEA00D586FF /* DetailVC.swift in Sources */,
				8DA3DF0E26AC4BDB009ACB14 /* BookDetailViewModel.swift in Sources */,
				8D8338042684145800545C50 /* AppDelegate.swift in Sources */,
				8DA9818726A8C30D007F749C /* APIService.swift in Sources */,
				8D8338062684145800545C50 /* SceneDelegate.swift in Sources */,
			);
			runOnlyForDeploymentPostprocessing = 0;
		};
/* End PBXSourcesBuildPhase section */

/* Begin PBXVariantGroup section */
		8D8338092684145800545C50 /* Main.storyboard */ = {
			isa = PBXVariantGroup;
			children = (
				8D83380A2684145800545C50 /* Base */,
			);
			name = Main.storyboard;
			sourceTree = "<group>";
		};
		8D83380E2684145B00545C50 /* LaunchScreen.storyboard */ = {
			isa = PBXVariantGroup;
			children = (
				8D83380F2684145B00545C50 /* Base */,
			);
			name = LaunchScreen.storyboard;
			sourceTree = "<group>";
		};
/* End PBXVariantGroup section */

/* Begin XCBuildConfiguration section */
		8D8338122684145B00545C50 /* Debug */ = {
			isa = XCBuildConfiguration;
			buildSettings = {
				ALWAYS_SEARCH_USER_PATHS = NO;
				CLANG_ANALYZER_NONNULL = YES;
				CLANG_ANALYZER_NUMBER_OBJECT_CONVERSION = YES_AGGRESSIVE;
				CLANG_CXX_LANGUAGE_STANDARD = "gnu++14";
				CLANG_CXX_LIBRARY = "libc++";
				CLANG_ENABLE_MODULES = YES;
				CLANG_ENABLE_OBJC_ARC = YES;
				CLANG_ENABLE_OBJC_WEAK = YES;
				CLANG_WARN_BLOCK_CAPTURE_AUTORELEASING = YES;
				CLANG_WARN_BOOL_CONVERSION = YES;
				CLANG_WARN_COMMA = YES;
				CLANG_WARN_CONSTANT_CONVERSION = YES;
				CLANG_WARN_DEPRECATED_OBJC_IMPLEMENTATIONS = YES;
				CLANG_WARN_DIRECT_OBJC_ISA_USAGE = YES_ERROR;
				CLANG_WARN_DOCUMENTATION_COMMENTS = YES;
				CLANG_WARN_EMPTY_BODY = YES;
				CLANG_WARN_ENUM_CONVERSION = YES;
				CLANG_WARN_INFINITE_RECURSION = YES;
				CLANG_WARN_INT_CONVERSION = YES;
				CLANG_WARN_NON_LITERAL_NULL_CONVERSION = YES;
				CLANG_WARN_OBJC_IMPLICIT_RETAIN_SELF = YES;
				CLANG_WARN_OBJC_LITERAL_CONVERSION = YES;
				CLANG_WARN_OBJC_ROOT_CLASS = YES_ERROR;
				CLANG_WARN_QUOTED_INCLUDE_IN_FRAMEWORK_HEADER = YES;
				CLANG_WARN_RANGE_LOOP_ANALYSIS = YES;
				CLANG_WARN_STRICT_PROTOTYPES = YES;
				CLANG_WARN_SUSPICIOUS_MOVE = YES;
				CLANG_WARN_UNGUARDED_AVAILABILITY = YES_AGGRESSIVE;
				CLANG_WARN_UNREACHABLE_CODE = YES;
				CLANG_WARN__DUPLICATE_METHOD_MATCH = YES;
				COPY_PHASE_STRIP = NO;
				DEBUG_INFORMATION_FORMAT = dwarf;
				ENABLE_STRICT_OBJC_MSGSEND = YES;
				ENABLE_TESTABILITY = YES;
				GCC_C_LANGUAGE_STANDARD = gnu11;
				GCC_DYNAMIC_NO_PIC = NO;
				GCC_NO_COMMON_BLOCKS = YES;
				GCC_OPTIMIZATION_LEVEL = 0;
				GCC_PREPROCESSOR_DEFINITIONS = (
					"DEBUG=1",
					"$(inherited)",
				);
				GCC_WARN_64_TO_32_BIT_CONVERSION = YES;
				GCC_WARN_ABOUT_RETURN_TYPE = YES_ERROR;
				GCC_WARN_UNDECLARED_SELECTOR = YES;
				GCC_WARN_UNINITIALIZED_AUTOS = YES_AGGRESSIVE;
				GCC_WARN_UNUSED_FUNCTION = YES;
				GCC_WARN_UNUSED_VARIABLE = YES;
				IPHONEOS_DEPLOYMENT_TARGET = 14.5;
				MTL_ENABLE_DEBUG_INFO = INCLUDE_SOURCE;
				MTL_FAST_MATH = YES;
				ONLY_ACTIVE_ARCH = YES;
				SDKROOT = iphoneos;
				SWIFT_ACTIVE_COMPILATION_CONDITIONS = DEBUG;
				SWIFT_OPTIMIZATION_LEVEL = "-Onone";
			};
			name = Debug;
		};
		8D8338132684145B00545C50 /* Release */ = {
			isa = XCBuildConfiguration;
			buildSettings = {
				ALWAYS_SEARCH_USER_PATHS = NO;
				CLANG_ANALYZER_NONNULL = YES;
				CLANG_ANALYZER_NUMBER_OBJECT_CONVERSION = YES_AGGRESSIVE;
				CLANG_CXX_LANGUAGE_STANDARD = "gnu++14";
				CLANG_CXX_LIBRARY = "libc++";
				CLANG_ENABLE_MODULES = YES;
				CLANG_ENABLE_OBJC_ARC = YES;
				CLANG_ENABLE_OBJC_WEAK = YES;
				CLANG_WARN_BLOCK_CAPTURE_AUTORELEASING = YES;
				CLANG_WARN_BOOL_CONVERSION = YES;
				CLANG_WARN_COMMA = YES;
				CLANG_WARN_CONSTANT_CONVERSION = YES;
				CLANG_WARN_DEPRECATED_OBJC_IMPLEMENTATIONS = YES;
				CLANG_WARN_DIRECT_OBJC_ISA_USAGE = YES_ERROR;
				CLANG_WARN_DOCUMENTATION_COMMENTS = YES;
				CLANG_WARN_EMPTY_BODY = YES;
				CLANG_WARN_ENUM_CONVERSION = YES;
				CLANG_WARN_INFINITE_RECURSION = YES;
				CLANG_WARN_INT_CONVERSION = YES;
				CLANG_WARN_NON_LITERAL_NULL_CONVERSION = YES;
				CLANG_WARN_OBJC_IMPLICIT_RETAIN_SELF = YES;
				CLANG_WARN_OBJC_LITERAL_CONVERSION = YES;
				CLANG_WARN_OBJC_ROOT_CLASS = YES_ERROR;
				CLANG_WARN_QUOTED_INCLUDE_IN_FRAMEWORK_HEADER = YES;
				CLANG_WARN_RANGE_LOOP_ANALYSIS = YES;
				CLANG_WARN_STRICT_PROTOTYPES = YES;
				CLANG_WARN_SUSPICIOUS_MOVE = YES;
				CLANG_WARN_UNGUARDED_AVAILABILITY = YES_AGGRESSIVE;
				CLANG_WARN_UNREACHABLE_CODE = YES;
				CLANG_WARN__DUPLICATE_METHOD_MATCH = YES;
				COPY_PHASE_STRIP = NO;
				DEBUG_INFORMATION_FORMAT = "dwarf-with-dsym";
				ENABLE_NS_ASSERTIONS = NO;
				ENABLE_STRICT_OBJC_MSGSEND = YES;
				GCC_C_LANGUAGE_STANDARD = gnu11;
				GCC_NO_COMMON_BLOCKS = YES;
				GCC_WARN_64_TO_32_BIT_CONVERSION = YES;
				GCC_WARN_ABOUT_RETURN_TYPE = YES_ERROR;
				GCC_WARN_UNDECLARED_SELECTOR = YES;
				GCC_WARN_UNINITIALIZED_AUTOS = YES_AGGRESSIVE;
				GCC_WARN_UNUSED_FUNCTION = YES;
				GCC_WARN_UNUSED_VARIABLE = YES;
				IPHONEOS_DEPLOYMENT_TARGET = 14.5;
				MTL_ENABLE_DEBUG_INFO = NO;
				MTL_FAST_MATH = YES;
				SDKROOT = iphoneos;
				SWIFT_COMPILATION_MODE = wholemodule;
				SWIFT_OPTIMIZATION_LEVEL = "-O";
				VALIDATE_PRODUCT = YES;
			};
			name = Release;
		};
		8D8338152684145B00545C50 /* Debug */ = {
			isa = XCBuildConfiguration;
			baseConfigurationReference = A86EEFD07BFB3988F699121A /* Pods-BooksPoint.debug.xcconfig */;
			buildSettings = {
				ASSETCATALOG_COMPILER_APPICON_NAME = AppIcon;
				ASSETCATALOG_COMPILER_GLOBAL_ACCENT_COLOR_NAME = AccentColor;
				CODE_SIGN_STYLE = Automatic;
				DEVELOPMENT_TEAM = UAGG6Y83F8;
				INFOPLIST_FILE = BooksPoint/Info.plist;
				LD_RUNPATH_SEARCH_PATHS = (
					"$(inherited)",
					"@executable_path/Frameworks",
				);
				PRODUCT_BUNDLE_IDENTIFIER = student.BooksPoint;
				PRODUCT_NAME = "$(TARGET_NAME)";
				SWIFT_VERSION = 5.0;
				TARGETED_DEVICE_FAMILY = "1,2";
			};
			name = Debug;
		};
		8D8338162684145B00545C50 /* Release */ = {
			isa = XCBuildConfiguration;
			baseConfigurationReference = 5FC351DCC77CEB846FACAE6B /* Pods-BooksPoint.release.xcconfig */;
			buildSettings = {
				ASSETCATALOG_COMPILER_APPICON_NAME = AppIcon;
				ASSETCATALOG_COMPILER_GLOBAL_ACCENT_COLOR_NAME = AccentColor;
				CODE_SIGN_STYLE = Automatic;
				DEVELOPMENT_TEAM = UAGG6Y83F8;
				INFOPLIST_FILE = BooksPoint/Info.plist;
				LD_RUNPATH_SEARCH_PATHS = (
					"$(inherited)",
					"@executable_path/Frameworks",
				);
				PRODUCT_BUNDLE_IDENTIFIER = student.BooksPoint;
				PRODUCT_NAME = "$(TARGET_NAME)";
				SWIFT_VERSION = 5.0;
				TARGETED_DEVICE_FAMILY = "1,2";
			};
			name = Release;
		};
/* End XCBuildConfiguration section */

/* Begin XCConfigurationList section */
		8D8337FB2684145800545C50 /* Build configuration list for PBXProject "BooksPoint" */ = {
			isa = XCConfigurationList;
			buildConfigurations = (
				8D8338122684145B00545C50 /* Debug */,
				8D8338132684145B00545C50 /* Release */,
			);
			defaultConfigurationIsVisible = 0;
			defaultConfigurationName = Release;
		};
		8D8338142684145B00545C50 /* Build configuration list for PBXNativeTarget "BooksPoint" */ = {
			isa = XCConfigurationList;
			buildConfigurations = (
				8D8338152684145B00545C50 /* Debug */,
				8D8338162684145B00545C50 /* Release */,
			);
			defaultConfigurationIsVisible = 0;
			defaultConfigurationName = Release;
		};
/* End XCConfigurationList section */
	};
	rootObject = 8D8337F82684145800545C50 /* Project object */;
}
